
Microsoft Visual Studio Solution File, Format Version 12.00
# Visual Studio Version 17
VisualStudioVersion = 17.9.34616.47
MinimumVisualStudioVersion = 10.0.40219.1
Project("{FAE04EC0-301F-11D3-BF4B-00C04F79EFBC}") = "PROG7312_MunicipalPortal", "PROG7312_MunicipalPortal\PROG7312_MunicipalPortal.csproj", "{9C0A9299-1715-4E8E-998B-72D327C92660}"
EndProject
Global
	GlobalSection(SolutionConfigurationPlatforms) = preSolution
		Debug|Any CPU = Debug|Any CPU
		Release|Any CPU = Release|Any CPU
	EndGlobalSection
	GlobalSection(ProjectConfigurationPlatforms) = postSolution
		{9C0A9299-1715-4E8E-998B-72D327C92660}.Debug|Any CPU.ActiveCfg = Debug|Any CPU
		{9C0A9299-1715-4E8E-998B-72D327C92660}.Debug|Any CPU.Build.0 = Debug|Any CPU
		{9C0A9299-1715-4E8E-998B-72D327C92660}.Release|Any CPU.ActiveCfg = Release|Any CPU
		{9C0A9299-1715-4E8E-998B-72D327C92660}.Release|Any CPU.Build.0 = Release|Any CPU
	EndGlobalSection
	GlobalSection(SolutionProperties) = preSolution
		HideSolutionNode = FALSE
	EndGlobalSection
	GlobalSection(ExtensibilityGlobals) = postSolution
		SolutionGuid = {1F90FD0A-C254-434F-80A1-0E4C3C533E9F}
	EndGlobalSection
EndGlobal
